// !$*UTF8*$!
{
	archiveVersion = 1;
	classes = {
	};
	objectVersion = 56;
	objects = {

/* Begin PBXBuildFile section */
		3EB4B8732C7C2FAC009AD371 /* TrackNoteApp.swift in Sources */ = {isa = PBXBuildFile; fileRef = 3EB4B8722C7C2FAC009AD371 /* TrackNoteApp.swift */; };
		3EB4B8752C7C2FAC009AD371 /* ContentView.swift in Sources */ = {isa = PBXBuildFile; fileRef = 3EB4B8742C7C2FAC009AD371 /* ContentView.swift */; };
		3EB4B8772C7C2FAD009AD371 /* Assets.xcassets in Resources */ = {isa = PBXBuildFile; fileRef = 3EB4B8762C7C2FAD009AD371 /* Assets.xcassets */; };
		3EB4B87A2C7C2FAD009AD371 /* Preview Assets.xcassets in Resources */ = {isa = PBXBuildFile; fileRef = 3EB4B8792C7C2FAD009AD371 /* Preview Assets.xcassets */; };
		3EB4B8852C7C2FAD009AD371 /* TrackNoteTests.swift in Sources */ = {isa = PBXBuildFile; fileRef = 3EB4B8842C7C2FAD009AD371 /* TrackNoteTests.swift */; };
		3EB4B88F2C7C2FAD009AD371 /* TrackNoteUITests.swift in Sources */ = {isa = PBXBuildFile; fileRef = 3EB4B88E2C7C2FAD009AD371 /* TrackNoteUITests.swift */; };
		3EB4B8912C7C2FAD009AD371 /* TrackNoteUITestsLaunchTests.swift in Sources */ = {isa = PBXBuildFile; fileRef = 3EB4B8902C7C2FAD009AD371 /* TrackNoteUITestsLaunchTests.swift */; };
/* End PBXBuildFile section */

/* Begin PBXContainerItemProxy section */
		3EB4B8812C7C2FAD009AD371 /* PBXContainerItemProxy */ = {
			isa = PBXContainerItemProxy;
			containerPortal = 3EB4B8672C7C2FAC009AD371 /* Project object */;
			proxyType = 1;
			remoteGlobalIDString = 3EB4B86E2C7C2FAC009AD371;
			remoteInfo = TrackNote;
		};
		3EB4B88B2C7C2FAD009AD371 /* PBXContainerItemProxy */ = {
			isa = PBXContainerItemProxy;
			containerPortal = 3EB4B8672C7C2FAC009AD371 /* Project object */;
			proxyType = 1;
			remoteGlobalIDString = 3EB4B86E2C7C2FAC009AD371;
			remoteInfo = TrackNote;
		};
/* End PBXContainerItemProxy section */

/* Begin PBXFileReference section */
		3EB4B86F2C7C2FAC009AD371 /* TrackNote.app */ = {isa = PBXFileReference; explicitFileType = wrapper.application; includeInIndex = 0; path = TrackNote.app; sourceTree = BUILT_PRODUCTS_DIR; };
		3EB4B8722C7C2FAC009AD371 /* TrackNoteApp.swift */ = {isa = PBXFileReference; lastKnownFileType = sourcecode.swift; path = TrackNoteApp.swift; sourceTree = "<group>"; };
		3EB4B8742C7C2FAC009AD371 /* ContentView.swift */ = {isa = PBXFileReference; lastKnownFileType = sourcecode.swift; path = ContentView.swift; sourceTree = "<group>"; };
		3EB4B8762C7C2FAD009AD371 /* Assets.xcassets */ = {isa = PBXFileReference; lastKnownFileType = folder.assetcatalog; path = Assets.xcassets; sourceTree = "<group>"; };
		3EB4B8792C7C2FAD009AD371 /* Preview Assets.xcassets */ = {isa = PBXFileReference; lastKnownFileType = folder.assetcatalog; path = "Preview Assets.xcassets"; sourceTree = "<group>"; };
		3EB4B87B2C7C2FAD009AD371 /* TrackNote.entitlements */ = {isa = PBXFileReference; lastKnownFileType = text.plist.entitlements; path = TrackNote.entitlements; sourceTree = "<group>"; };
		3EB4B8802C7C2FAD009AD371 /* TrackNoteTests.xctest */ = {isa = PBXFileReference; explicitFileType = wrapper.cfbundle; includeInIndex = 0; path = TrackNoteTests.xctest; sourceTree = BUILT_PRODUCTS_DIR; };
		3EB4B8842C7C2FAD009AD371 /* TrackNoteTests.swift */ = {isa = PBXFileReference; lastKnownFileType = sourcecode.swift; path = TrackNoteTests.swift; sourceTree = "<group>"; };
		3EB4B88A2C7C2FAD009AD371 /* TrackNoteUITests.xctest */ = {isa = PBXFileReference; explicitFileType = wrapper.cfbundle; includeInIndex = 0; path = TrackNoteUITests.xctest; sourceTree = BUILT_PRODUCTS_DIR; };
		3EB4B88E2C7C2FAD009AD371 /* TrackNoteUITests.swift */ = {isa = PBXFileReference; lastKnownFileType = sourcecode.swift; path = TrackNoteUITests.swift; sourceTree = "<group>"; };
		3EB4B8902C7C2FAD009AD371 /* TrackNoteUITestsLaunchTests.swift */ = {isa = PBXFileReference; lastKnownFileType = sourcecode.swift; path = TrackNoteUITestsLaunchTests.swift; sourceTree = "<group>"; };
/* End PBXFileReference section */

/* Begin PBXFrameworksBuildPhase section */
		3EB4B86C2C7C2FAC009AD371 /* Frameworks */ = {
			isa = PBXFrameworksBuildPhase;
			buildActionMask = 2147483647;
			files = (
			);
			runOnlyForDeploymentPostprocessing = 0;
		};
		3EB4B87D2C7C2FAD009AD371 /* Frameworks */ = {
			isa = PBXFrameworksBuildPhase;
			buildActionMask = 2147483647;
			files = (
			);
			runOnlyForDeploymentPostprocessing = 0;
		};
		3EB4B8872C7C2FAD009AD371 /* Frameworks */ = {
			isa = PBXFrameworksBuildPhase;
			buildActionMask = 2147483647;
			files = (
			);
			runOnlyForDeploymentPostprocessing = 0;
		};
/* End PBXFrameworksBuildPhase section */

/* Begin PBXGroup section */
		3EB4B8662C7C2FAC009AD371 = {
			isa = PBXGroup;
			children = (
				3EB4B8712C7C2FAC009AD371 /* TrackNote */,
				3EB4B8832C7C2FAD009AD371 /* TrackNoteTests */,
				3EB4B88D2C7C2FAD009AD371 /* TrackNoteUITests */,
				3EB4B8702C7C2FAC009AD371 /* Products */,
			);
			sourceTree = "<group>";
		};
		3EB4B8702C7C2FAC009AD371 /* Products */ = {
			isa = PBXGroup;
			children = (
				3EB4B86F2C7C2FAC009AD371 /* TrackNote.app */,
				3EB4B8802C7C2FAD009AD371 /* TrackNoteTests.xctest */,
				3EB4B88A2C7C2FAD009AD371 /* TrackNoteUITests.xctest */,
			);
			name = Products;
			sourceTree = "<group>";
		};
		3EB4B8712C7C2FAC009AD371 /* TrackNote */ = {
			isa = PBXGroup;
			children = (
				3EB4B8722C7C2FAC009AD371 /* TrackNoteApp.swift */,
				3EB4B8742C7C2FAC009AD371 /* ContentView.swift */,
				3EB4B8762C7C2FAD009AD371 /* Assets.xcassets */,
				3EB4B87B2C7C2FAD009AD371 /* TrackNote.entitlements */,
				3EB4B8782C7C2FAD009AD371 /* Preview Content */,
			);
			path = TrackNote;
			sourceTree = "<group>";
		};
		3EB4B8782C7C2FAD009AD371 /* Preview Content */ = {
			isa = PBXGroup;
			children = (
				3EB4B8792C7C2FAD009AD371 /* Preview Assets.xcassets */,
			);
			path = "Preview Content";
			sourceTree = "<group>";
		};
		3EB4B8832C7C2FAD009AD371 /* TrackNoteTests */ = {
			isa = PBXGroup;
			children = (
				3EB4B8842C7C2FAD009AD371 /* TrackNoteTests.swift */,
			);
			path = TrackNoteTests;
			sourceTree = "<group>";
		};
		3EB4B88D2C7C2FAD009AD371 /* TrackNoteUITests */ = {
			isa = PBXGroup;
			children = (
				3EB4B88E2C7C2FAD009AD371 /* TrackNoteUITests.swift */,
				3EB4B8902C7C2FAD009AD371 /* TrackNoteUITestsLaunchTests.swift */,
			);
			path = TrackNoteUITests;
			sourceTree = "<group>";
		};
/* End PBXGroup section */

/* Begin PBXNativeTarget section */
		3EB4B86E2C7C2FAC009AD371 /* TrackNote */ = {
			isa = PBXNativeTarget;
			buildConfigurationList = 3EB4B8942C7C2FAD009AD371 /* Build configuration list for PBXNativeTarget "TrackNote" */;
			buildPhases = (
				3EB4B86B2C7C2FAC009AD371 /* Sources */,
				3EB4B86C2C7C2FAC009AD371 /* Frameworks */,
				3EB4B86D2C7C2FAC009AD371 /* Resources */,
			);
			buildRules = (
			);
			dependencies = (
			);
			name = TrackNote;
			productName = TrackNote;
			productReference = 3EB4B86F2C7C2FAC009AD371 /* TrackNote.app */;
			productType = "com.apple.product-type.application";
		};
		3EB4B87F2C7C2FAD009AD371 /* TrackNoteTests */ = {
			isa = PBXNativeTarget;
			buildConfigurationList = 3EB4B8972C7C2FAD009AD371 /* Build configuration list for PBXNativeTarget "TrackNoteTests" */;
			buildPhases = (
				3EB4B87C2C7C2FAD009AD371 /* Sources */,
				3EB4B87D2C7C2FAD009AD371 /* Frameworks */,
				3EB4B87E2C7C2FAD009AD371 /* Resources */,
			);
			buildRules = (
			);
			dependencies = (
				3EB4B8822C7C2FAD009AD371 /* PBXTargetDependency */,
			);
			name = TrackNoteTests;
			productName = TrackNoteTests;
			productReference = 3EB4B8802C7C2FAD009AD371 /* TrackNoteTests.xctest */;
			productType = "com.apple.product-type.bundle.unit-test";
		};
		3EB4B8892C7C2FAD009AD371 /* TrackNoteUITests */ = {
			isa = PBXNativeTarget;
			buildConfigurationList = 3EB4B89A2C7C2FAD009AD371 /* Build configuration list for PBXNativeTarget "TrackNoteUITests" */;
			buildPhases = (
				3EB4B8862C7C2FAD009AD371 /* Sources */,
				3EB4B8872C7C2FAD009AD371 /* Frameworks */,
				3EB4B8882C7C2FAD009AD371 /* Resources */,
			);
			buildRules = (
			);
			dependencies = (
				3EB4B88C2C7C2FAD009AD371 /* PBXTargetDependency */,
			);
			name = TrackNoteUITests;
			productName = TrackNoteUITests;
			productReference = 3EB4B88A2C7C2FAD009AD371 /* TrackNoteUITests.xctest */;
			productType = "com.apple.product-type.bundle.ui-testing";
		};
/* End PBXNativeTarget section */

/* Begin PBXProject section */
		3EB4B8672C7C2FAC009AD371 /* Project object */ = {
			isa = PBXProject;
			attributes = {
				BuildIndependentTargetsInParallel = 1;
				LastSwiftUpdateCheck = 1540;
				LastUpgradeCheck = 1540;
				TargetAttributes = {
					3EB4B86E2C7C2FAC009AD371 = {
						CreatedOnToolsVersion = 15.4;
					};
					3EB4B87F2C7C2FAD009AD371 = {
						CreatedOnToolsVersion = 15.4;
						TestTargetID = 3EB4B86E2C7C2FAC009AD371;
					};
					3EB4B8892C7C2FAD009AD371 = {
						CreatedOnToolsVersion = 15.4;
						TestTargetID = 3EB4B86E2C7C2FAC009AD371;
					};
				};
			};
			buildConfigurationList = 3EB4B86A2C7C2FAC009AD371 /* Build configuration list for PBXProject "TrackNote" */;
			compatibilityVersion = "Xcode 14.0";
			developmentRegion = en;
			hasScannedForEncodings = 0;
			knownRegions = (
				en,
				Base,
			);
			mainGroup = 3EB4B8662C7C2FAC009AD371;
			productRefGroup = 3EB4B8702C7C2FAC009AD371 /* Products */;
			projectDirPath = "";
			projectRoot = "";
			targets = (
				3EB4B86E2C7C2FAC009AD371 /* TrackNote */,
				3EB4B87F2C7C2FAD009AD371 /* TrackNoteTests */,
				3EB4B8892C7C2FAD009AD371 /* TrackNoteUITests */,
			);
		};
/* End PBXProject section */

/* Begin PBXResourcesBuildPhase section */
		3EB4B86D2C7C2FAC009AD371 /* Resources */ = {
			isa = PBXResourcesBuildPhase;
			buildActionMask = 2147483647;
			files = (
				3EB4B87A2C7C2FAD009AD371 /* Preview Assets.xcassets in Resources */,
				3EB4B8772C7C2FAD009AD371 /* Assets.xcassets in Resources */,
			);
			runOnlyForDeploymentPostprocessing = 0;
		};
		3EB4B87E2C7C2FAD009AD371 /* Resources */ = {
			isa = PBXResourcesBuildPhase;
			buildActionMask = 2147483647;
			files = (
			);
			runOnlyForDeploymentPostprocessing = 0;
		};
		3EB4B8882C7C2FAD009AD371 /* Resources */ = {
			isa = PBXResourcesBuildPhase;
			buildActionMask = 2147483647;
			files = (
			);
			runOnlyForDeploymentPostprocessing = 0;
		};
/* End PBXResourcesBuildPhase section */

/* Begin PBXSourcesBuildPhase section */
		3EB4B86B2C7C2FAC009AD371 /* Sources */ = {
			isa = PBXSourcesBuildPhase;
			buildActionMask = 2147483647;
			files = (
				3EB4B8752C7C2FAC009AD371 /* ContentView.swift in Sources */,
				3EB4B8732C7C2FAC009AD371 /* TrackNoteApp.swift in Sources */,
			);
			runOnlyForDeploymentPostprocessing = 0;
		};
		3EB4B87C2C7C2FAD009AD371 /* Sources */ = {
			isa = PBXSourcesBuildPhase;
			buildActionMask = 2147483647;
			files = (
				3EB4B8852C7C2FAD009AD371 /* TrackNoteTests.swift in Sources */,
			);
			runOnlyForDeploymentPostprocessing = 0;
		};
		3EB4B8862C7C2FAD009AD371 /* Sources */ = {
			isa = PBXSourcesBuildPhase;
			buildActionMask = 2147483647;
			files = (
				3EB4B8912C7C2FAD009AD371 /* TrackNoteUITestsLaunchTests.swift in Sources */,
				3EB4B88F2C7C2FAD009AD371 /* TrackNoteUITests.swift in Sources */,
			);
			runOnlyForDeploymentPostprocessing = 0;
		};
/* End PBXSourcesBuildPhase section */

/* Begin PBXTargetDependency section */
		3EB4B8822C7C2FAD009AD371 /* PBXTargetDependency */ = {
			isa = PBXTargetDependency;
			target = 3EB4B86E2C7C2FAC009AD371 /* TrackNote */;
			targetProxy = 3EB4B8812C7C2FAD009AD371 /* PBXContainerItemProxy */;
		};
		3EB4B88C2C7C2FAD009AD371 /* PBXTargetDependency */ = {
			isa = PBXTargetDependency;
			target = 3EB4B86E2C7C2FAC009AD371 /* TrackNote */;
			targetProxy = 3EB4B88B2C7C2FAD009AD371 /* PBXContainerItemProxy */;
		};
/* End PBXTargetDependency section */

/* Begin XCBuildConfiguration section */
		3EB4B8922C7C2FAD009AD371 /* Debug */ = {
			isa = XCBuildConfiguration;
			buildSettings = {
				ALWAYS_SEARCH_USER_PATHS = NO;
				ASSETCATALOG_COMPILER_GENERATE_SWIFT_ASSET_SYMBOL_EXTENSIONS = YES;
				CLANG_ANALYZER_NONNULL = YES;
				CLANG_ANALYZER_NUMBER_OBJECT_CONVERSION = YES_AGGRESSIVE;
				CLANG_CXX_LANGUAGE_STANDARD = "gnu++20";
				CLANG_ENABLE_MODULES = YES;
				CLANG_ENABLE_OBJC_ARC = YES;
				CLANG_ENABLE_OBJC_WEAK = YES;
				CLANG_WARN_BLOCK_CAPTURE_AUTORELEASING = YES;
				CLANG_WARN_BOOL_CONVERSION = YES;
				CLANG_WARN_COMMA = YES;
				CLANG_WARN_CONSTANT_CONVERSION = YES;
				CLANG_WARN_DEPRECATED_OBJC_IMPLEMENTATIONS = YES;
				CLANG_WARN_DIRECT_OBJC_ISA_USAGE = YES_ERROR;
				CLANG_WARN_DOCUMENTATION_COMMENTS = YES;
				CLANG_WARN_EMPTY_BODY = YES;
				CLANG_WARN_ENUM_CONVERSION = YES;
				CLANG_WARN_INFINITE_RECURSION = YES;
				CLANG_WARN_INT_CONVERSION = YES;
				CLANG_WARN_NON_LITERAL_NULL_CONVERSION = YES;
				CLANG_WARN_OBJC_IMPLICIT_RETAIN_SELF = YES;
				CLANG_WARN_OBJC_LITERAL_CONVERSION = YES;
				CLANG_WARN_OBJC_ROOT_CLASS = YES_ERROR;
				CLANG_WARN_QUOTED_INCLUDE_IN_FRAMEWORK_HEADER = YES;
				CLANG_WARN_RANGE_LOOP_ANALYSIS = YES;
				CLANG_WARN_STRICT_PROTOTYPES = YES;
				CLANG_WARN_SUSPICIOUS_MOVE = YES;
				CLANG_WARN_UNGUARDED_AVAILABILITY = YES_AGGRESSIVE;
				CLANG_WARN_UNREACHABLE_CODE = YES;
				CLANG_WARN__DUPLICATE_METHOD_MATCH = YES;
				COPY_PHASE_STRIP = NO;
				DEBUG_INFORMATION_FORMAT = dwarf;
				ENABLE_STRICT_OBJC_MSGSEND = YES;
				ENABLE_TESTABILITY = YES;
				ENABLE_USER_SCRIPT_SANDBOXING = YES;
				GCC_C_LANGUAGE_STANDARD = gnu17;
				GCC_DYNAMIC_NO_PIC = NO;
				GCC_NO_COMMON_BLOCKS = YES;
				GCC_OPTIMIZATION_LEVEL = 0;
				GCC_PREPROCESSOR_DEFINITIONS = (
					"DEBUG=1",
					"$(inherited)",
				);
				GCC_WARN_64_TO_32_BIT_CONVERSION = YES;
				GCC_WARN_ABOUT_RETURN_TYPE = YES_ERROR;
				GCC_WARN_UNDECLARED_SELECTOR = YES;
				GCC_WARN_UNINITIALIZED_AUTOS = YES_AGGRESSIVE;
				GCC_WARN_UNUSED_FUNCTION = YES;
				GCC_WARN_UNUSED_VARIABLE = YES;
				LOCALIZATION_PREFERS_STRING_CATALOGS = YES;
				MACOSX_DEPLOYMENT_TARGET = 14.5;
				MTL_ENABLE_DEBUG_INFO = INCLUDE_SOURCE;
				MTL_FAST_MATH = YES;
				ONLY_ACTIVE_ARCH = YES;
				SDKROOT = macosx;
				SWIFT_ACTIVE_COMPILATION_CONDITIONS = "DEBUG $(inherited)";
				SWIFT_OPTIMIZATION_LEVEL = "-Onone";
			};
			name = Debug;
		};
		3EB4B8932C7C2FAD009AD371 /* Release */ = {
			isa = XCBuildConfiguration;
			buildSettings = {
				ALWAYS_SEARCH_USER_PATHS = NO;
				ASSETCATALOG_COMPILER_GENERATE_SWIFT_ASSET_SYMBOL_EXTENSIONS = YES;
				CLANG_ANALYZER_NONNULL = YES;
				CLANG_ANALYZER_NUMBER_OBJECT_CONVERSION = YES_AGGRESSIVE;
				CLANG_CXX_LANGUAGE_STANDARD = "gnu++20";
				CLANG_ENABLE_MODULES = YES;
				CLANG_ENABLE_OBJC_ARC = YES;
				CLANG_ENABLE_OBJC_WEAK = YES;
				CLANG_WARN_BLOCK_CAPTURE_AUTORELEASING = YES;
				CLANG_WARN_BOOL_CONVERSION = YES;
				CLANG_WARN_COMMA = YES;
				CLANG_WARN_CONSTANT_CONVERSION = YES;
				CLANG_WARN_DEPRECATED_OBJC_IMPLEMENTATIONS = YES;
				CLANG_WARN_DIRECT_OBJC_ISA_USAGE = YES_ERROR;
				CLANG_WARN_DOCUMENTATION_COMMENTS = YES;
				CLANG_WARN_EMPTY_BODY = YES;
				CLANG_WARN_ENUM_CONVERSION = YES;
				CLANG_WARN_INFINITE_RECURSION = YES;
				CLANG_WARN_INT_CONVERSION = YES;
				CLANG_WARN_NON_LITERAL_NULL_CONVERSION = YES;
				CLANG_WARN_OBJC_IMPLICIT_RETAIN_SELF = YES;
				CLANG_WARN_OBJC_LITERAL_CONVERSION = YES;
				CLANG_WARN_OBJC_ROOT_CLASS = YES_ERROR;
				CLANG_WARN_QUOTED_INCLUDE_IN_FRAMEWORK_HEADER = YES;
				CLANG_WARN_RANGE_LOOP_ANALYSIS = YES;
				CLANG_WARN_STRICT_PROTOTYPES = YES;
				CLANG_WARN_SUSPICIOUS_MOVE = YES;
				CLANG_WARN_UNGUARDED_AVAILABILITY = YES_AGGRESSIVE;
				CLANG_WARN_UNREACHABLE_CODE = YES;
				CLANG_WARN__DUPLICATE_METHOD_MATCH = YES;
				COPY_PHASE_STRIP = NO;
				DEBUG_INFORMATION_FORMAT = "dwarf-with-dsym";
				ENABLE_NS_ASSERTIONS = NO;
				ENABLE_STRICT_OBJC_MSGSEND = YES;
				ENABLE_USER_SCRIPT_SANDBOXING = YES;
				GCC_C_LANGUAGE_STANDARD = gnu17;
				GCC_NO_COMMON_BLOCKS = YES;
				GCC_WARN_64_TO_32_BIT_CONVERSION = YES;
				GCC_WARN_ABOUT_RETURN_TYPE = YES_ERROR;
				GCC_WARN_UNDECLARED_SELECTOR = YES;
				GCC_WARN_UNINITIALIZED_AUTOS = YES_AGGRESSIVE;
				GCC_WARN_UNUSED_FUNCTION = YES;
				GCC_WARN_UNUSED_VARIABLE = YES;
				LOCALIZATION_PREFERS_STRING_CATALOGS = YES;
				MACOSX_DEPLOYMENT_TARGET = 14.5;
				MTL_ENABLE_DEBUG_INFO = NO;
				MTL_FAST_MATH = YES;
				SDKROOT = macosx;
				SWIFT_COMPILATION_MODE = wholemodule;
			};
			name = Release;
		};
		3EB4B8952C7C2FAD009AD371 /* Debug */ = {
			isa = XCBuildConfiguration;
			buildSettings = {
				ASSETCATALOG_COMPILER_APPICON_NAME = AppIcon;
				ASSETCATALOG_COMPILER_GLOBAL_ACCENT_COLOR_NAME = AccentColor;
				CODE_SIGN_ENTITLEMENTS = TrackNote/TrackNote.entitlements;
				CODE_SIGN_STYLE = Automatic;
				COMBINE_HIDPI_IMAGES = YES;
				CURRENT_PROJECT_VERSION = 1;
				DEVELOPMENT_ASSET_PATHS = "\"TrackNote/Preview Content\"";
				ENABLE_PREVIEWS = YES;
				GENERATE_INFOPLIST_FILE = YES;
				INFOPLIST_KEY_NSHumanReadableCopyright = "";
				LD_RUNPATH_SEARCH_PATHS = (
					"$(inherited)",
					"@executable_path/../Frameworks",
				);
				MARKETING_VERSION = 1.0;
				PRODUCT_BUNDLE_IDENTIFIER = Tuneswappers.TrackNote;
				PRODUCT_NAME = "$(TARGET_NAME)";
				SWIFT_EMIT_LOC_STRINGS = YES;
				SWIFT_VERSION = 5.0;
			};
			name = Debug;
		};
		3EB4B8962C7C2FAD009AD371 /* Release */ = {
			isa = XCBuildConfiguration;
			buildSettings = {
				ASSETCATALOG_COMPILER_APPICON_NAME = AppIcon;
				ASSETCATALOG_COMPILER_GLOBAL_ACCENT_COLOR_NAME = AccentColor;
				CODE_SIGN_ENTITLEMENTS = TrackNote/TrackNote.entitlements;
				CODE_SIGN_STYLE = Automatic;
				COMBINE_HIDPI_IMAGES = YES;
				CURRENT_PROJECT_VERSION = 1;
				DEVELOPMENT_ASSET_PATHS = "\"TrackNote/Preview Content\"";
				ENABLE_PREVIEWS = YES;
				GENERATE_INFOPLIST_FILE = YES;
				INFOPLIST_KEY_NSHumanReadableCopyright = "";
				LD_RUNPATH_SEARCH_PATHS = (
					"$(inherited)",
					"@executable_path/../Frameworks",
				);
				MARKETING_VERSION = 1.0;
				PRODUCT_BUNDLE_IDENTIFIER = Tuneswappers.TrackNote;
				PRODUCT_NAME = "$(TARGET_NAME)";
				SWIFT_EMIT_LOC_STRINGS = YES;
				SWIFT_VERSION = 5.0;
			};
			name = Release;
		};
		3EB4B8982C7C2FAD009AD371 /* Debug */ = {
			isa = XCBuildConfiguration;
			buildSettings = {
				ALWAYS_EMBED_SWIFT_STANDARD_LIBRARIES = YES;
				BUNDLE_LOADER = "$(TEST_HOST)";
				CODE_SIGN_STYLE = Automatic;
				CURRENT_PROJECT_VERSION = 1;
				GENERATE_INFOPLIST_FILE = YES;
				MACOSX_DEPLOYMENT_TARGET = 14.5;
				MARKETING_VERSION = 1.0;
				PRODUCT_BUNDLE_IDENTIFIER = Tuneswappers.TrackNoteTests;
				PRODUCT_NAME = "$(TARGET_NAME)";
				SWIFT_EMIT_LOC_STRINGS = NO;
				SWIFT_VERSION = 5.0;
				TEST_HOST = "$(BUILT_PRODUCTS_DIR)/TrackNote.app/$(BUNDLE_EXECUTABLE_FOLDER_PATH)/TrackNote";
			};
			name = Debug;
		};
		3EB4B8992C7C2FAD009AD371 /* Release */ = {
			isa = XCBuildConfiguration;
			buildSettings = {
				ALWAYS_EMBED_SWIFT_STANDARD_LIBRARIES = YES;
				BUNDLE_LOADER = "$(TEST_HOST)";
				CODE_SIGN_STYLE = Automatic;
				CURRENT_PROJECT_VERSION = 1;
				GENERATE_INFOPLIST_FILE = YES;
				MACOSX_DEPLOYMENT_TARGET = 14.5;
				MARKETING_VERSION = 1.0;
				PRODUCT_BUNDLE_IDENTIFIER = Tuneswappers.TrackNoteTests;
				PRODUCT_NAME = "$(TARGET_NAME)";
				SWIFT_EMIT_LOC_STRINGS = NO;
				SWIFT_VERSION = 5.0;
				TEST_HOST = "$(BUILT_PRODUCTS_DIR)/TrackNote.app/$(BUNDLE_EXECUTABLE_FOLDER_PATH)/TrackNote";
			};
			name = Release;
		};
		3EB4B89B2C7C2FAD009AD371 /* Debug */ = {
			isa = XCBuildConfiguration;
			buildSettings = {
				ALWAYS_EMBED_SWIFT_STANDARD_LIBRARIES = YES;
				CODE_SIGN_STYLE = Automatic;
				CURRENT_PROJECT_VERSION = 1;
				GENERATE_INFOPLIST_FILE = YES;
				MARKETING_VERSION = 1.0;
				PRODUCT_BUNDLE_IDENTIFIER = Tuneswappers.TrackNoteUITests;
				PRODUCT_NAME = "$(TARGET_NAME)";
				SWIFT_EMIT_LOC_STRINGS = NO;
				SWIFT_VERSION = 5.0;
				TEST_TARGET_NAME = TrackNote;
			};
			name = Debug;
		};
		3EB4B89C2C7C2FAD009AD371 /* Release */ = {
			isa = XCBuildConfiguration;
			buildSettings = {
				ALWAYS_EMBED_SWIFT_STANDARD_LIBRARIES = YES;
				CODE_SIGN_STYLE = Automatic;
				CURRENT_PROJECT_VERSION = 1;
				GENERATE_INFOPLIST_FILE = YES;
				MARKETING_VERSION = 1.0;
				PRODUCT_BUNDLE_IDENTIFIER = Tuneswappers.TrackNoteUITests;
				PRODUCT_NAME = "$(TARGET_NAME)";
				SWIFT_EMIT_LOC_STRINGS = NO;
				SWIFT_VERSION = 5.0;
				TEST_TARGET_NAME = TrackNote;
			};
			name = Release;
		};
/* End XCBuildConfiguration section */

/* Begin XCConfigurationList section */
		3EB4B86A2C7C2FAC009AD371 /* Build configuration list for PBXProject "TrackNote" */ = {
			isa = XCConfigurationList;
			buildConfigurations = (
				3EB4B8922C7C2FAD009AD371 /* Debug */,
				3EB4B8932C7C2FAD009AD371 /* Release */,
			);
			defaultConfigurationIsVisible = 0;
			defaultConfigurationName = Release;
		};
		3EB4B8942C7C2FAD009AD371 /* Build configuration list for PBXNativeTarget "TrackNote" */ = {
			isa = XCConfigurationList;
			buildConfigurations = (
				3EB4B8952C7C2FAD009AD371 /* Debug */,
				3EB4B8962C7C2FAD009AD371 /* Release */,
			);
			defaultConfigurationIsVisible = 0;
			defaultConfigurationName = Release;
		};
		3EB4B8972C7C2FAD009AD371 /* Build configuration list for PBXNativeTarget "TrackNoteTests" */ = {
			isa = XCConfigurationList;
			buildConfigurations = (
				3EB4B8982C7C2FAD009AD371 /* Debug */,
				3EB4B8992C7C2FAD009AD371 /* Release */,
			);
			defaultConfigurationIsVisible = 0;
			defaultConfigurationName = Release;
		};
		3EB4B89A2C7C2FAD009AD371 /* Build configuration list for PBXNativeTarget "TrackNoteUITests" */ = {
			isa = XCConfigurationList;
			buildConfigurations = (
				3EB4B89B2C7C2FAD009AD371 /* Debug */,
				3EB4B89C2C7C2FAD009AD371 /* Release */,
			);
			defaultConfigurationIsVisible = 0;
			defaultConfigurationName = Release;
		};
/* End XCConfigurationList section */
	};
	rootObject = 3EB4B8672C7C2FAC009AD371 /* Project object */;
}
